// !$*UTF8*$!
{
	archiveVersion = 1;
	classes = {
	};
	objectVersion = 46;
	objects = {

/* Begin PBXBuildFile section */
		122456EF1BB3C48600317A06 /* AppDelegate.swift in Sources */ = {isa = PBXBuildFile; fileRef = 122456EE1BB3C48600317A06 /* AppDelegate.swift */; };
		122456F11BB3C48600317A06 /* GameScene.sks in Resources */ = {isa = PBXBuildFile; fileRef = 122456F01BB3C48600317A06 /* GameScene.sks */; };
		122456F31BB3C48600317A06 /* GameScene.swift in Sources */ = {isa = PBXBuildFile; fileRef = 122456F21BB3C48600317A06 /* GameScene.swift */; };
		122456F51BB3C48600317A06 /* GameViewController.swift in Sources */ = {isa = PBXBuildFile; fileRef = 122456F41BB3C48600317A06 /* GameViewController.swift */; };
		122456F81BB3C48600317A06 /* Main.storyboard in Resources */ = {isa = PBXBuildFile; fileRef = 122456F61BB3C48600317A06 /* Main.storyboard */; };
		122456FA1BB3C48600317A06 /* Assets.xcassets in Resources */ = {isa = PBXBuildFile; fileRef = 122456F91BB3C48600317A06 /* Assets.xcassets */; };
		122456FD1BB3C48600317A06 /* LaunchScreen.storyboard in Resources */ = {isa = PBXBuildFile; fileRef = 122456FB1BB3C48600317A06 /* LaunchScreen.storyboard */; };
		122457081BB3C48600317A06 /* SabilandTBPreviewTests.swift in Sources */ = {isa = PBXBuildFile; fileRef = 122457071BB3C48600317A06 /* SabilandTBPreviewTests.swift */; };
		122457131BB3C48600317A06 /* SabilandTBPreviewUITests.swift in Sources */ = {isa = PBXBuildFile; fileRef = 122457121BB3C48600317A06 /* SabilandTBPreviewUITests.swift */; };
		122457211BB3C5D700317A06 /* SabilandTB.swift in Sources */ = {isa = PBXBuildFile; fileRef = 122457201BB3C5D700317A06 /* SabilandTB.swift */; settings = {ASSET_TAGS = (); }; };
/* End PBXBuildFile section */

/* Begin PBXContainerItemProxy section */
		122457041BB3C48600317A06 /* PBXContainerItemProxy */ = {
			isa = PBXContainerItemProxy;
			containerPortal = 122456E31BB3C48600317A06 /* Project object */;
			proxyType = 1;
			remoteGlobalIDString = 122456EA1BB3C48600317A06;
			remoteInfo = SabilandTBPreview;
		};
		1224570F1BB3C48600317A06 /* PBXContainerItemProxy */ = {
			isa = PBXContainerItemProxy;
			containerPortal = 122456E31BB3C48600317A06 /* Project object */;
			proxyType = 1;
			remoteGlobalIDString = 122456EA1BB3C48600317A06;
			remoteInfo = SabilandTBPreview;
		};
/* End PBXContainerItemProxy section */

/* Begin PBXFileReference section */
		122456EB1BB3C48600317A06 /* SabilandTBPreview.app */ = {isa = PBXFileReference; explicitFileType = wrapper.application; includeInIndex = 0; path = SabilandTBPreview.app; sourceTree = BUILT_PRODUCTS_DIR; };
		122456EE1BB3C48600317A06 /* AppDelegate.swift */ = {isa = PBXFileReference; lastKnownFileType = sourcecode.swift; path = AppDelegate.swift; sourceTree = "<group>"; };
		122456F01BB3C48600317A06 /* GameScene.sks */ = {isa = PBXFileReference; lastKnownFileType = file.sks; path = GameScene.sks; sourceTree = "<group>"; };
		122456F21BB3C48600317A06 /* GameScene.swift */ = {isa = PBXFileReference; lastKnownFileType = sourcecode.swift; path = GameScene.swift; sourceTree = "<group>"; };
		122456F41BB3C48600317A06 /* GameViewController.swift */ = {isa = PBXFileReference; lastKnownFileType = sourcecode.swift; path = GameViewController.swift; sourceTree = "<group>"; };
		122456F71BB3C48600317A06 /* Base */ = {isa = PBXFileReference; lastKnownFileType = file.storyboard; name = Base; path = Base.lproj/Main.storyboard; sourceTree = "<group>"; };
		122456F91BB3C48600317A06 /* Assets.xcassets */ = {isa = PBXFileReference; lastKnownFileType = folder.assetcatalog; path = Assets.xcassets; sourceTree = "<group>"; };
		122456FC1BB3C48600317A06 /* Base */ = {isa = PBXFileReference; lastKnownFileType = file.storyboard; name = Base; path = Base.lproj/LaunchScreen.storyboard; sourceTree = "<group>"; };
		122456FE1BB3C48600317A06 /* Info.plist */ = {isa = PBXFileReference; lastKnownFileType = text.plist.xml; path = Info.plist; sourceTree = "<group>"; };
		122457031BB3C48600317A06 /* SabilandTBPreviewTests.xctest */ = {isa = PBXFileReference; explicitFileType = wrapper.cfbundle; includeInIndex = 0; path = SabilandTBPreviewTests.xctest; sourceTree = BUILT_PRODUCTS_DIR; };
		122457071BB3C48600317A06 /* SabilandTBPreviewTests.swift */ = {isa = PBXFileReference; lastKnownFileType = sourcecode.swift; path = SabilandTBPreviewTests.swift; sourceTree = "<group>"; };
		122457091BB3C48600317A06 /* Info.plist */ = {isa = PBXFileReference; lastKnownFileType = text.plist.xml; path = Info.plist; sourceTree = "<group>"; };
		1224570E1BB3C48600317A06 /* SabilandTBPreviewUITests.xctest */ = {isa = PBXFileReference; explicitFileType = wrapper.cfbundle; includeInIndex = 0; path = SabilandTBPreviewUITests.xctest; sourceTree = BUILT_PRODUCTS_DIR; };
		122457121BB3C48600317A06 /* SabilandTBPreviewUITests.swift */ = {isa = PBXFileReference; lastKnownFileType = sourcecode.swift; path = SabilandTBPreviewUITests.swift; sourceTree = "<group>"; };
		122457141BB3C48600317A06 /* Info.plist */ = {isa = PBXFileReference; lastKnownFileType = text.plist.xml; path = Info.plist; sourceTree = "<group>"; };
		122457201BB3C5D700317A06 /* SabilandTB.swift */ = {isa = PBXFileReference; fileEncoding = 4; lastKnownFileType = sourcecode.swift; path = SabilandTB.swift; sourceTree = "<group>"; };
/* End PBXFileReference section */

/* Begin PBXFrameworksBuildPhase section */
		122456E81BB3C48600317A06 /* Frameworks */ = {
			isa = PBXFrameworksBuildPhase;
			buildActionMask = 2147483647;
			files = (
			);
			runOnlyForDeploymentPostprocessing = 0;
		};
		122457001BB3C48600317A06 /* Frameworks */ = {
			isa = PBXFrameworksBuildPhase;
			buildActionMask = 2147483647;
			files = (
			);
			runOnlyForDeploymentPostprocessing = 0;
		};
		1224570B1BB3C48600317A06 /* Frameworks */ = {
			isa = PBXFrameworksBuildPhase;
			buildActionMask = 2147483647;
			files = (
			);
			runOnlyForDeploymentPostprocessing = 0;
		};
/* End PBXFrameworksBuildPhase section */

/* Begin PBXGroup section */
		122456E21BB3C48600317A06 = {
			isa = PBXGroup;
			children = (
				122456ED1BB3C48600317A06 /* SabilandTBPreview */,
				122457061BB3C48600317A06 /* SabilandTBPreviewTests */,
				122457111BB3C48600317A06 /* SabilandTBPreviewUITests */,
				122456EC1BB3C48600317A06 /* Products */,
			);
			sourceTree = "<group>";
		};
		122456EC1BB3C48600317A06 /* Products */ = {
			isa = PBXGroup;
			children = (
				122456EB1BB3C48600317A06 /* SabilandTBPreview.app */,
				122457031BB3C48600317A06 /* SabilandTBPreviewTests.xctest */,
				1224570E1BB3C48600317A06 /* SabilandTBPreviewUITests.xctest */,
			);
			name = Products;
			sourceTree = "<group>";
		};
		122456ED1BB3C48600317A06 /* SabilandTBPreview */ = {
			isa = PBXGroup;
			children = (
				122456EE1BB3C48600317A06 /* AppDelegate.swift */,
				122456F91BB3C48600317A06 /* Assets.xcassets */,
				122456F01BB3C48600317A06 /* GameScene.sks */,
				122456F21BB3C48600317A06 /* GameScene.swift */,
				122456F41BB3C48600317A06 /* GameViewController.swift */,
				122456FE1BB3C48600317A06 /* Info.plist */,
				122456FB1BB3C48600317A06 /* LaunchScreen.storyboard */,
				122456F61BB3C48600317A06 /* Main.storyboard */,
				122457201BB3C5D700317A06 /* SabilandTB.swift */,
			);
			path = SabilandTBPreview;
			sourceTree = "<group>";
		};
		122457061BB3C48600317A06 /* SabilandTBPreviewTests */ = {
			isa = PBXGroup;
			children = (
				122457071BB3C48600317A06 /* SabilandTBPreviewTests.swift */,
				122457091BB3C48600317A06 /* Info.plist */,
			);
			path = SabilandTBPreviewTests;
			sourceTree = "<group>";
		};
		122457111BB3C48600317A06 /* SabilandTBPreviewUITests */ = {
			isa = PBXGroup;
			children = (
				122457121BB3C48600317A06 /* SabilandTBPreviewUITests.swift */,
				122457141BB3C48600317A06 /* Info.plist */,
			);
			path = SabilandTBPreviewUITests;
			sourceTree = "<group>";
		};
/* End PBXGroup section */

/* Begin PBXNativeTarget section */
		122456EA1BB3C48600317A06 /* SabilandTBPreview */ = {
			isa = PBXNativeTarget;
			buildConfigurationList = 122457171BB3C48600317A06 /* Build configuration list for PBXNativeTarget "SabilandTBPreview" */;
			buildPhases = (
				122456E71BB3C48600317A06 /* Sources */,
				122456E81BB3C48600317A06 /* Frameworks */,
				122456E91BB3C48600317A06 /* Resources */,
			);
			buildRules = (
			);
			dependencies = (
			);
			name = SabilandTBPreview;
			productName = SabilandTBPreview;
			productReference = 122456EB1BB3C48600317A06 /* SabilandTBPreview.app */;
			productType = "com.apple.product-type.application";
		};
		122457021BB3C48600317A06 /* SabilandTBPreviewTests */ = {
			isa = PBXNativeTarget;
			buildConfigurationList = 1224571A1BB3C48600317A06 /* Build configuration list for PBXNativeTarget "SabilandTBPreviewTests" */;
			buildPhases = (
				122456FF1BB3C48600317A06 /* Sources */,
				122457001BB3C48600317A06 /* Frameworks */,
				122457011BB3C48600317A06 /* Resources */,
			);
			buildRules = (
			);
			dependencies = (
				122457051BB3C48600317A06 /* PBXTargetDependency */,
			);
			name = SabilandTBPreviewTests;
			productName = SabilandTBPreviewTests;
			productReference = 122457031BB3C48600317A06 /* SabilandTBPreviewTests.xctest */;
			productType = "com.apple.product-type.bundle.unit-test";
		};
		1224570D1BB3C48600317A06 /* SabilandTBPreviewUITests */ = {
			isa = PBXNativeTarget;
			buildConfigurationList = 1224571D1BB3C48600317A06 /* Build configuration list for PBXNativeTarget "SabilandTBPreviewUITests" */;
			buildPhases = (
				1224570A1BB3C48600317A06 /* Sources */,
				1224570B1BB3C48600317A06 /* Frameworks */,
				1224570C1BB3C48600317A06 /* Resources */,
			);
			buildRules = (
			);
			dependencies = (
				122457101BB3C48600317A06 /* PBXTargetDependency */,
			);
			name = SabilandTBPreviewUITests;
			productName = SabilandTBPreviewUITests;
			productReference = 1224570E1BB3C48600317A06 /* SabilandTBPreviewUITests.xctest */;
			productType = "com.apple.product-type.bundle.ui-testing";
		};
/* End PBXNativeTarget section */

/* Begin PBXProject section */
		122456E31BB3C48600317A06 /* Project object */ = {
			isa = PBXProject;
			attributes = {
				LastUpgradeCheck = 0700;
				ORGANIZATIONNAME = "Marko Sabotin";
				TargetAttributes = {
					122456EA1BB3C48600317A06 = {
						CreatedOnToolsVersion = 7.0;
					};
					122457021BB3C48600317A06 = {
						CreatedOnToolsVersion = 7.0;
						TestTargetID = 122456EA1BB3C48600317A06;
					};
					1224570D1BB3C48600317A06 = {
						CreatedOnToolsVersion = 7.0;
						TestTargetID = 122456EA1BB3C48600317A06;
					};
				};
			};
			buildConfigurationList = 122456E61BB3C48600317A06 /* Build configuration list for PBXProject "SabilandTBPreview" */;
			compatibilityVersion = "Xcode 3.2";
			developmentRegion = English;
			hasScannedForEncodings = 0;
			knownRegions = (
				en,
				Base,
			);
			mainGroup = 122456E21BB3C48600317A06;
			productRefGroup = 122456EC1BB3C48600317A06 /* Products */;
			projectDirPath = "";
			projectRoot = "";
			targets = (
				122456EA1BB3C48600317A06 /* SabilandTBPreview */,
				122457021BB3C48600317A06 /* SabilandTBPreviewTests */,
				1224570D1BB3C48600317A06 /* SabilandTBPreviewUITests */,
			);
		};
/* End PBXProject section */

/* Begin PBXResourcesBuildPhase section */
		122456E91BB3C48600317A06 /* Resources */ = {
			isa = PBXResourcesBuildPhase;
			buildActionMask = 2147483647;
			files = (
				122456F11BB3C48600317A06 /* GameScene.sks in Resources */,
				122456FD1BB3C48600317A06 /* LaunchScreen.storyboard in Resources */,
				122456FA1BB3C48600317A06 /* Assets.xcassets in Resources */,
				122456F81BB3C48600317A06 /* Main.storyboard in Resources */,
			);
			runOnlyForDeploymentPostprocessing = 0;
		};
		122457011BB3C48600317A06 /* Resources */ = {
			isa = PBXResourcesBuildPhase;
			buildActionMask = 2147483647;
			files = (
			);
			runOnlyForDeploymentPostprocessing = 0;
		};
		1224570C1BB3C48600317A06 /* Resources */ = {
			isa = PBXResourcesBuildPhase;
			buildActionMask = 2147483647;
			files = (
			);
			runOnlyForDeploymentPostprocessing = 0;
		};
/* End PBXResourcesBuildPhase section */

/* Begin PBXSourcesBuildPhase section */
		122456E71BB3C48600317A06 /* Sources */ = {
			isa = PBXSourcesBuildPhase;
			buildActionMask = 2147483647;
			files = (
				122456F31BB3C48600317A06 /* GameScene.swift in Sources */,
				122456F51BB3C48600317A06 /* GameViewController.swift in Sources */,
				122456EF1BB3C48600317A06 /* AppDelegate.swift in Sources */,
				122457211BB3C5D700317A06 /* SabilandTB.swift in Sources */,
			);
			runOnlyForDeploymentPostprocessing = 0;
		};
		122456FF1BB3C48600317A06 /* Sources */ = {
			isa = PBXSourcesBuildPhase;
			buildActionMask = 2147483647;
			files = (
				122457081BB3C48600317A06 /* SabilandTBPreviewTests.swift in Sources */,
			);
			runOnlyForDeploymentPostprocessing = 0;
		};
		1224570A1BB3C48600317A06 /* Sources */ = {
			isa = PBXSourcesBuildPhase;
			buildActionMask = 2147483647;
			files = (
				122457131BB3C48600317A06 /* SabilandTBPreviewUITests.swift in Sources */,
			);
			runOnlyForDeploymentPostprocessing = 0;
		};
/* End PBXSourcesBuildPhase section */

/* Begin PBXTargetDependency section */
		122457051BB3C48600317A06 /* PBXTargetDependency */ = {
			isa = PBXTargetDependency;
			target = 122456EA1BB3C48600317A06 /* SabilandTBPreview */;
			targetProxy = 122457041BB3C48600317A06 /* PBXContainerItemProxy */;
		};
		122457101BB3C48600317A06 /* PBXTargetDependency */ = {
			isa = PBXTargetDependency;
			target = 122456EA1BB3C48600317A06 /* SabilandTBPreview */;
			targetProxy = 1224570F1BB3C48600317A06 /* PBXContainerItemProxy */;
		};
/* End PBXTargetDependency section */

/* Begin PBXVariantGroup section */
		122456F61BB3C48600317A06 /* Main.storyboard */ = {
			isa = PBXVariantGroup;
			children = (
				122456F71BB3C48600317A06 /* Base */,
			);
			name = Main.storyboard;
			sourceTree = "<group>";
		};
		122456FB1BB3C48600317A06 /* LaunchScreen.storyboard */ = {
			isa = PBXVariantGroup;
			children = (
				122456FC1BB3C48600317A06 /* Base */,
			);
			name = LaunchScreen.storyboard;
			sourceTree = "<group>";
		};
/* End PBXVariantGroup section */

/* Begin XCBuildConfiguration section */
		122457151BB3C48600317A06 /* Debug */ = {
			isa = XCBuildConfiguration;
			buildSettings = {
				ALWAYS_SEARCH_USER_PATHS = NO;
				CLANG_CXX_LANGUAGE_STANDARD = "gnu++0x";
				CLANG_CXX_LIBRARY = "libc++";
				CLANG_ENABLE_MODULES = YES;
				CLANG_ENABLE_OBJC_ARC = YES;
				CLANG_WARN_BOOL_CONVERSION = YES;
				CLANG_WARN_CONSTANT_CONVERSION = YES;
				CLANG_WARN_DIRECT_OBJC_ISA_USAGE = YES_ERROR;
				CLANG_WARN_EMPTY_BODY = YES;
				CLANG_WARN_ENUM_CONVERSION = YES;
				CLANG_WARN_INT_CONVERSION = YES;
				CLANG_WARN_OBJC_ROOT_CLASS = YES_ERROR;
				CLANG_WARN_UNREACHABLE_CODE = YES;
				CLANG_WARN__DUPLICATE_METHOD_MATCH = YES;
				"CODE_SIGN_IDENTITY[sdk=iphoneos*]" = "iPhone Developer";
				COPY_PHASE_STRIP = NO;
				DEBUG_INFORMATION_FORMAT = "dwarf-with-dsym";
				ENABLE_STRICT_OBJC_MSGSEND = YES;
				ENABLE_TESTABILITY = YES;
				GCC_C_LANGUAGE_STANDARD = gnu99;
				GCC_DYNAMIC_NO_PIC = NO;
				GCC_NO_COMMON_BLOCKS = YES;
				GCC_OPTIMIZATION_LEVEL = 0;
				GCC_PREPROCESSOR_DEFINITIONS = (
					"DEBUG=1",
					"$(inherited)",
				);
				GCC_WARN_64_TO_32_BIT_CONVERSION = YES;
				GCC_WARN_ABOUT_RETURN_TYPE = YES_ERROR;
				GCC_WARN_UNDECLARED_SELECTOR = YES;
				GCC_WARN_UNINITIALIZED_AUTOS = YES_AGGRESSIVE;
				GCC_WARN_UNUSED_FUNCTION = YES;
				GCC_WARN_UNUSED_VARIABLE = YES;
				IPHONEOS_DEPLOYMENT_TARGET = 9.0;
				MTL_ENABLE_DEBUG_INFO = YES;
				ONLY_ACTIVE_ARCH = YES;
				SDKROOT = iphoneos;
				SWIFT_OPTIMIZATION_LEVEL = "-Onone";
				TARGETED_DEVICE_FAMILY = "1,2";
			};
			name = Debug;
		};
		122457161BB3C48600317A06 /* Release */ = {
			isa = XCBuildConfiguration;
			buildSettings = {
				ALWAYS_SEARCH_USER_PATHS = NO;
				CLANG_CXX_LANGUAGE_STANDARD = "gnu++0x";
				CLANG_CXX_LIBRARY = "libc++";
				CLANG_ENABLE_MODULES = YES;
				CLANG_ENABLE_OBJC_ARC = YES;
				CLANG_WARN_BOOL_CONVERSION = YES;
				CLANG_WARN_CONSTANT_CONVERSION = YES;
				CLANG_WARN_DIRECT_OBJC_ISA_USAGE = YES_ERROR;
				CLANG_WARN_EMPTY_BODY = YES;
				CLANG_WARN_ENUM_CONVERSION = YES;
				CLANG_WARN_INT_CONVERSION = YES;
				CLANG_WARN_OBJC_ROOT_CLASS = YES_ERROR;
				CLANG_WARN_UNREACHABLE_CODE = YES;
				CLANG_WARN__DUPLICATE_METHOD_MATCH = YES;
				"CODE_SIGN_IDENTITY[sdk=iphoneos*]" = "iPhone Developer";
				COPY_PHASE_STRIP = NO;
				DEBUG_INFORMATION_FORMAT = "dwarf-with-dsym";
				ENABLE_NS_ASSERTIONS = NO;
				ENABLE_STRICT_OBJC_MSGSEND = YES;
				GCC_C_LANGUAGE_STANDARD = gnu99;
				GCC_NO_COMMON_BLOCKS = YES;
				GCC_WARN_64_TO_32_BIT_CONVERSION = YES;
				GCC_WARN_ABOUT_RETURN_TYPE = YES_ERROR;
				GCC_WARN_UNDECLARED_SELECTOR = YES;
				GCC_WARN_UNINITIALIZED_AUTOS = YES_AGGRESSIVE;
				GCC_WARN_UNUSED_FUNCTION = YES;
				GCC_WARN_UNUSED_VARIABLE = YES;
				IPHONEOS_DEPLOYMENT_TARGET = 9.0;
				MTL_ENABLE_DEBUG_INFO = NO;
				SDKROOT = iphoneos;
				TARGETED_DEVICE_FAMILY = "1,2";
				VALIDATE_PRODUCT = YES;
			};
			name = Release;
		};
		122457181BB3C48600317A06 /* Debug */ = {
			isa = XCBuildConfiguration;
			buildSettings = {
				ASSETCATALOG_COMPILER_APPICON_NAME = AppIcon;
				INFOPLIST_FILE = SabilandTBPreview/Info.plist;
				IPHONEOS_DEPLOYMENT_TARGET = 8.1;
				LD_RUNPATH_SEARCH_PATHS = "$(inherited) @executable_path/Frameworks";
				PRODUCT_BUNDLE_IDENTIFIER = net.sabiland.SabilandTBPreview;
				PRODUCT_NAME = "$(TARGET_NAME)";
			};
			name = Debug;
		};
		122457191BB3C48600317A06 /* Release */ = {
			isa = XCBuildConfiguration;
			buildSettings = {
				ASSETCATALOG_COMPILER_APPICON_NAME = AppIcon;
				INFOPLIST_FILE = SabilandTBPreview/Info.plist;
				IPHONEOS_DEPLOYMENT_TARGET = 8.1;
				LD_RUNPATH_SEARCH_PATHS = "$(inherited) @executable_path/Frameworks";
				PRODUCT_BUNDLE_IDENTIFIER = net.sabiland.SabilandTBPreview;
				PRODUCT_NAME = "$(TARGET_NAME)";
			};
			name = Release;
		};
		1224571B1BB3C48600317A06 /* Debug */ = {
			isa = XCBuildConfiguration;
			buildSettings = {
				BUNDLE_LOADER = "$(TEST_HOST)";
				DEBUG_INFORMATION_FORMAT = dwarf;
				INFOPLIST_FILE = SabilandTBPreviewTests/Info.plist;
				LD_RUNPATH_SEARCH_PATHS = "$(inherited) @executable_path/Frameworks @loader_path/Frameworks";
				PRODUCT_BUNDLE_IDENTIFIER = net.sabiland.SabilandTBPreviewTests;
				PRODUCT_NAME = "$(TARGET_NAME)";
				TEST_HOST = "$(BUILT_PRODUCTS_DIR)/SabilandTBPreview.app/SabilandTBPreview";
			};
			name = Debug;
		};
		1224571C1BB3C48600317A06 /* Release */ = {
			isa = XCBuildConfiguration;
			buildSettings = {
				BUNDLE_LOADER = "$(TEST_HOST)";
				INFOPLIST_FILE = SabilandTBPreviewTests/Info.plist;
				LD_RUNPATH_SEARCH_PATHS = "$(inherited) @executable_path/Frameworks @loader_path/Frameworks";
				PRODUCT_BUNDLE_IDENTIFIER = net.sabiland.SabilandTBPreviewTests;
				PRODUCT_NAME = "$(TARGET_NAME)";
				TEST_HOST = "$(BUILT_PRODUCTS_DIR)/SabilandTBPreview.app/SabilandTBPreview";
			};
			name = Release;
		};
		1224571E1BB3C48600317A06 /* Debug */ = {
			isa = XCBuildConfiguration;
			buildSettings = {
				DEBUG_INFORMATION_FORMAT = dwarf;
				INFOPLIST_FILE = SabilandTBPreviewUITests/Info.plist;
				LD_RUNPATH_SEARCH_PATHS = "$(inherited) @executable_path/Frameworks @loader_path/Frameworks";
				PRODUCT_BUNDLE_IDENTIFIER = net.sabiland.SabilandTBPreviewUITests;
				PRODUCT_NAME = "$(TARGET_NAME)";
				TEST_TARGET_NAME = SabilandTBPreview;
				USES_XCTRUNNER = YES;
			};
			name = Debug;
		};
		1224571F1BB3C48600317A06 /* Release */ = {
			isa = XCBuildConfiguration;
			buildSettings = {
				INFOPLIST_FILE = SabilandTBPreviewUITests/Info.plist;
				LD_RUNPATH_SEARCH_PATHS = "$(inherited) @executable_path/Frameworks @loader_path/Frameworks";
				PRODUCT_BUNDLE_IDENTIFIER = net.sabiland.SabilandTBPreviewUITests;
				PRODUCT_NAME = "$(TARGET_NAME)";
				TEST_TARGET_NAME = SabilandTBPreview;
				USES_XCTRUNNER = YES;
			};
			name = Release;
		};
/* End XCBuildConfiguration section */

/* Begin XCConfigurationList section */
		122456E61BB3C48600317A06 /* Build configuration list for PBXProject "SabilandTBPreview" */ = {
			isa = XCConfigurationList;
			buildConfigurations = (
				122457151BB3C48600317A06 /* Debug */,
				122457161BB3C48600317A06 /* Release */,
			);
			defaultConfigurationIsVisible = 0;
			defaultConfigurationName = Release;
		};
		122457171BB3C48600317A06 /* Build configuration list for PBXNativeTarget "SabilandTBPreview" */ = {
			isa = XCConfigurationList;
			buildConfigurations = (
				122457181BB3C48600317A06 /* Debug */,
				122457191BB3C48600317A06 /* Release */,
			);
			defaultConfigurationIsVisible = 0;
		};
		1224571A1BB3C48600317A06 /* Build configuration list for PBXNativeTarget "SabilandTBPreviewTests" */ = {
			isa = XCConfigurationList;
			buildConfigurations = (
				1224571B1BB3C48600317A06 /* Debug */,
				1224571C1BB3C48600317A06 /* Release */,
			);
			defaultConfigurationIsVisible = 0;
		};
		1224571D1BB3C48600317A06 /* Build configuration list for PBXNativeTarget "SabilandTBPreviewUITests" */ = {
			isa = XCConfigurationList;
			buildConfigurations = (
				1224571E1BB3C48600317A06 /* Debug */,
				1224571F1BB3C48600317A06 /* Release */,
			);
			defaultConfigurationIsVisible = 0;
		};
/* End XCConfigurationList section */
	};
	rootObject = 122456E31BB3C48600317A06 /* Project object */;
}
